{
  "name": "@ganesh-nithin/time-zone",
  "version": "1.0.1",
  "lockfileVersion": 3,
  "requires": true,
  "packages": {
    "": {
      "name": "@ganesh-nithin/time-zone",
      "version": "1.0.1",
      "license": "ISC",
      "dependencies": {
        "@ganesh-nithin/time-zone": "^1.0.1"
      }
    },
    "node_modules/@ganesh-nithin/time-zone": {
      "version": "1.0.1",
      "resolved": "https://registry.npmjs.org/@ganesh-nithin/time-zone/-/time-zone-1.0.1.tgz",
      "integrity": "sha512-clIhzvESjXpWkGXHMjMF1G5nbmbzc7AtULwvQDZiGFPKZ1QaaHpfXHS+UbvxuyZv8J+xVhBDWjSttSsccpHurA=="
    }
  }
}
